
Microsoft Visual Studio Solution File, Format Version 12.00
# Visual Studio Version 16
VisualStudioVersion = 16.0.30204.135
MinimumVisualStudioVersion = 10.0.40219.1
Project("{9A19103F-16F7-4668-BE54-9A1E7A4F7556}") = "Beam.Shared", "Beam.Shared\Beam.Shared.csproj", "{9B38BE84-0E78-44CC-A403-F067EE861AAC}"
EndProject
Project("{9A19103F-16F7-4668-BE54-9A1E7A4F7556}") = "Blazor.Data", "Blazor.Data\Blazor.Data.csproj", "{7A832743-7CE4-479D-9F54-6F37F91A5287}"
EndProject
Project("{9A19103F-16F7-4668-BE54-9A1E7A4F7556}") = "Blazor.Server", "Blazor.Server\Blazor.Server.csproj", "{AB85C686-B9E9-410A-B91E-0F27E1CA19BA}"
EndProject
Project("{9A19103F-16F7-4668-BE54-9A1E7A4F7556}") = "Blazor.Client", "Blazor.Client\Blazor.Client.csproj", "{32E26772-3BAF-4E89-9162-7075F96408C8}"
EndProject
Global
	GlobalSection(SolutionConfigurationPlatforms) = preSolution
		Debug|Any CPU = Debug|Any CPU
		Release|Any CPU = Release|Any CPU
	EndGlobalSection
	GlobalSection(ProjectConfigurationPlatforms) = postSolution
		{9B38BE84-0E78-44CC-A403-F067EE861AAC}.Debug|Any CPU.ActiveCfg = Debug|Any CPU
		{9B38BE84-0E78-44CC-A403-F067EE861AAC}.Debug|Any CPU.Build.0 = Debug|Any CPU
		{9B38BE84-0E78-44CC-A403-F067EE861AAC}.Release|Any CPU.ActiveCfg = Release|Any CPU
		{9B38BE84-0E78-44CC-A403-F067EE861AAC}.Release|Any CPU.Build.0 = Release|Any CPU
		{7A832743-7CE4-479D-9F54-6F37F91A5287}.Debug|Any CPU.ActiveCfg = Debug|Any CPU
		{7A832743-7CE4-479D-9F54-6F37F91A5287}.Debug|Any CPU.Build.0 = Debug|Any CPU
		{7A832743-7CE4-479D-9F54-6F37F91A5287}.Release|Any CPU.ActiveCfg = Release|Any CPU
		{7A832743-7CE4-479D-9F54-6F37F91A5287}.Release|Any CPU.Build.0 = Release|Any CPU
		{AB85C686-B9E9-410A-B91E-0F27E1CA19BA}.Debug|Any CPU.ActiveCfg = Debug|Any CPU
		{AB85C686-B9E9-410A-B91E-0F27E1CA19BA}.Debug|Any CPU.Build.0 = Debug|Any CPU
		{AB85C686-B9E9-410A-B91E-0F27E1CA19BA}.Release|Any CPU.ActiveCfg = Release|Any CPU
		{AB85C686-B9E9-410A-B91E-0F27E1CA19BA}.Release|Any CPU.Build.0 = Release|Any CPU
		{32E26772-3BAF-4E89-9162-7075F96408C8}.Debug|Any CPU.ActiveCfg = Debug|Any CPU
		{32E26772-3BAF-4E89-9162-7075F96408C8}.Debug|Any CPU.Build.0 = Debug|Any CPU
		{32E26772-3BAF-4E89-9162-7075F96408C8}.Release|Any CPU.ActiveCfg = Release|Any CPU
		{32E26772-3BAF-4E89-9162-7075F96408C8}.Release|Any CPU.Build.0 = Release|Any CPU
	EndGlobalSection
	GlobalSection(SolutionProperties) = preSolution
		HideSolutionNode = FALSE
	EndGlobalSection
	GlobalSection(ExtensibilityGlobals) = postSolution
		SolutionGuid = {DEEA6947-D433-4CF6-BA0A-BC9D6441D88F}
	EndGlobalSection
EndGlobal
